{
  "requires": true,
  "lockfileVersion": 1,
  "dependencies": {
    "@ngx-translate/core": {
      "version": "13.0.0",
      "resolved": "https://registry.npmjs.org/@ngx-translate/core/-/core-13.0.0.tgz",
      "integrity": "sha512-+tzEp8wlqEnw0Gc7jtVRAJ6RteUjXw6JJR4O65KlnxOmJrCGPI0xjV/lKRnQeU0w4i96PQs/jtpL921Wrb7PWg==",
      "requires": {
        "tslib": "^2.0.0"
      },
      "dependencies": {
        "tslib": {
          "version": "2.1.0",
          "resolved": "https://registry.npmjs.org/tslib/-/tslib-2.1.0.tgz",
          "integrity": "sha512-hcVC3wYEziELGGmEEXue7D75zbwIIVUMWAVbHItGPx0ziyXxrOMQx4rQEVEV45Ut/1IotuEvwqPopzIOkDMf0A=="
        }
      }
    },
    "@ngx-translate/http-loader": {
      "version": "6.0.0",
      "resolved": "https://registry.npmjs.org/@ngx-translate/http-loader/-/http-loader-6.0.0.tgz",
      "integrity": "sha512-LCekn6qCbeXWlhESCxU1rAbZz33WzDG0lI7Ig0pYC1o5YxJWrkU9y3Y4tNi+jakQ7R6YhTR2D3ox6APxDtA0wA==",
      "requires": {
        "tslib": "^2.0.0"
      },
      "dependencies": {
        "tslib": {
          "version": "2.1.0",
          "resolved": "https://registry.npmjs.org/tslib/-/tslib-2.1.0.tgz",
          "integrity": "sha512-hcVC3wYEziELGGmEEXue7D75zbwIIVUMWAVbHItGPx0ziyXxrOMQx4rQEVEV45Ut/1IotuEvwqPopzIOkDMf0A=="
        }
      }
    },
    "rxjs": {
      "version": "6.6.3",
      "resolved": "https://registry.npmjs.org/rxjs/-/rxjs-6.6.3.tgz",
      "integrity": "sha512-trsQc+xYYXZ3urjOiJOuCOa5N3jAZ3eiSpQB5hIT8zGlL2QfnHLJ2r7GMkBGuIausdJN1OneaI6gQlsqNHHmZQ==",
      "requires": {
        "tslib": "^1.9.0"
      }
    },
    "tslib": {
      "version": "1.10.0",
      "resolved": "https://registry.npmjs.org/tslib/-/tslib-1.10.0.tgz",
      "integrity": "sha512-qOebF53frne81cf0S9B41ByenJ3/IuH8yJKngAX35CmiZySA0khhkovshKK+jGCaMnVomla7gVlIcc3EvKPbTQ=="
    }
  }
}
